
Microsoft Visual Studio Solution File, Format Version 9.00
# Visual Studio 2005
Project("{E24C65DC-7377-472B-9ABA-BC803B73C61A}") = "E:\...\E - Greeting\", ".", "{D11D2E6D-E37E-473F-8919-1B03C98DA7D1}"
	ProjectSection(WebsiteProperties) = preProject
		Debug.AspNetCompiler.VirtualPath = "/E - Greeting"
		Debug.AspNetCompiler.PhysicalPath = "E:\tiprojects\E-Greeting Threshold\E_Greeting\E - Greeting\"
		Debug.AspNetCompiler.TargetPath = "PrecompiledWeb\E - Greeting\"
		Debug.AspNetCompiler.Updateable = "true"
		Debug.AspNetCompiler.ForceOverwrite = "true"
		Debug.AspNetCompiler.FixedNames = "false"
		Debug.AspNetCompiler.Debug = "True"
		Release.AspNetCompiler.VirtualPath = "/E - Greeting"
		Release.AspNetCompiler.PhysicalPath = "E:\tiprojects\E-Greeting Threshold\E_Greeting\E - Greeting\"
		Release.AspNetCompiler.TargetPath = "PrecompiledWeb\E - Greeting\"
		Release.AspNetCompiler.Updateable = "true"
		Release.AspNetCompiler.ForceOverwrite = "true"
		Release.AspNetCompiler.FixedNames = "false"
		Release.AspNetCompiler.Debug = "False"
		VWDPort = "1376"
	EndProjectSection
EndProject
Global
	GlobalSection(SolutionConfigurationPlatforms) = preSolution
		Debug|.NET = Debug|.NET
	EndGlobalSection
	GlobalSection(ProjectConfigurationPlatforms) = postSolution
		{D11D2E6D-E37E-473F-8919-1B03C98DA7D1}.Debug|.NET.ActiveCfg = Debug|.NET
		{D11D2E6D-E37E-473F-8919-1B03C98DA7D1}.Debug|.NET.Build.0 = Debug|.NET
	EndGlobalSection
	GlobalSection(SolutionProperties) = preSolution
		HideSolutionNode = FALSE
	EndGlobalSection
EndGlobal
